
Microsoft Visual Studio Solution File, Format Version 12.00
# Visual Studio Version 16
VisualStudioVersion = 16.0.29709.97
MinimumVisualStudioVersion = 10.0.40219.1
Project("{FAE04EC0-301F-11D3-BF4B-00C04F79EFBC}") = "AE2.Biz", "AE2.Biz.csproj", "{7FCE28AF-3070-4337-B622-E370842E26A0}"
EndProject
Project("{FAE04EC0-301F-11D3-BF4B-00C04F79EFBC}") = "AE2.Common", "..\AE2.Common\AE2.Common.csproj", "{A9266BA8-2F92-4B38-AE45-AB500F86036D}"
EndProject
Project("{2150E333-8FDC-42A3-9474-1A3956D46DE8}") = "Test", "Test", "{1EAA00BC-FEE5-4654-B32A-2157820C9025}"
EndProject
Project("{FAE04EC0-301F-11D3-BF4B-00C04F79EFBC}") = "AE2.CommonTests", "..\AE2.CommonTests\AE2.CommonTests.csproj", "{D3E8C44C-1D77-4DE3-9A42-844E38F30EA3}"
EndProject
Project("{FAE04EC0-301F-11D3-BF4B-00C04F79EFBC}") = "AE2.BizTests", "..\AE2.BizTests\AE2.BizTests.csproj", "{4CC1D5B8-C5E1-4835-9DC3-F40511C97989}"
EndProject
Global
	GlobalSection(SolutionConfigurationPlatforms) = preSolution
		Debug|Any CPU = Debug|Any CPU
		Release|Any CPU = Release|Any CPU
	EndGlobalSection
	GlobalSection(ProjectConfigurationPlatforms) = postSolution
		{7FCE28AF-3070-4337-B622-E370842E26A0}.Debug|Any CPU.ActiveCfg = Debug|Any CPU
		{7FCE28AF-3070-4337-B622-E370842E26A0}.Debug|Any CPU.Build.0 = Debug|Any CPU
		{7FCE28AF-3070-4337-B622-E370842E26A0}.Release|Any CPU.ActiveCfg = Release|Any CPU
		{7FCE28AF-3070-4337-B622-E370842E26A0}.Release|Any CPU.Build.0 = Release|Any CPU
		{A9266BA8-2F92-4B38-AE45-AB500F86036D}.Debug|Any CPU.ActiveCfg = Debug|Any CPU
		{A9266BA8-2F92-4B38-AE45-AB500F86036D}.Debug|Any CPU.Build.0 = Debug|Any CPU
		{A9266BA8-2F92-4B38-AE45-AB500F86036D}.Release|Any CPU.ActiveCfg = Release|Any CPU
		{A9266BA8-2F92-4B38-AE45-AB500F86036D}.Release|Any CPU.Build.0 = Release|Any CPU
		{D3E8C44C-1D77-4DE3-9A42-844E38F30EA3}.Debug|Any CPU.ActiveCfg = Debug|Any CPU
		{D3E8C44C-1D77-4DE3-9A42-844E38F30EA3}.Debug|Any CPU.Build.0 = Debug|Any CPU
		{D3E8C44C-1D77-4DE3-9A42-844E38F30EA3}.Release|Any CPU.ActiveCfg = Release|Any CPU
		{D3E8C44C-1D77-4DE3-9A42-844E38F30EA3}.Release|Any CPU.Build.0 = Release|Any CPU
		{4CC1D5B8-C5E1-4835-9DC3-F40511C97989}.Debug|Any CPU.ActiveCfg = Debug|Any CPU
		{4CC1D5B8-C5E1-4835-9DC3-F40511C97989}.Debug|Any CPU.Build.0 = Debug|Any CPU
		{4CC1D5B8-C5E1-4835-9DC3-F40511C97989}.Release|Any CPU.ActiveCfg = Release|Any CPU
		{4CC1D5B8-C5E1-4835-9DC3-F40511C97989}.Release|Any CPU.Build.0 = Release|Any CPU
	EndGlobalSection
	GlobalSection(SolutionProperties) = preSolution
		HideSolutionNode = FALSE
	EndGlobalSection
	GlobalSection(NestedProjects) = preSolution
		{D3E8C44C-1D77-4DE3-9A42-844E38F30EA3} = {1EAA00BC-FEE5-4654-B32A-2157820C9025}
		{4CC1D5B8-C5E1-4835-9DC3-F40511C97989} = {1EAA00BC-FEE5-4654-B32A-2157820C9025}
	EndGlobalSection
	GlobalSection(ExtensibilityGlobals) = postSolution
		SolutionGuid = {4A18DF6A-D44C-4FC9-A449-1A9342BD1FBE}
	EndGlobalSection
EndGlobal
